
Microsoft Visual Studio Solution File, Format Version 12.00
# Visual Studio Version 17
VisualStudioVersion = 17.8.34408.163
MinimumVisualStudioVersion = 10.0.40219.1
Project("{9A19103F-16F7-4668-BE54-9A1E7A4F7556}") = "CQRS.Core", "CQRS-ES\CQRS.Core\CQRS.Core.csproj", "{3354AB05-32DD-4F87-9F42-1D966B51F3CF}"
EndProject
Project("{2150E333-8FDC-42A3-9474-1A3956D46DE8}") = "Post.Cmd", "SM-Post\Post.Cmd", "{51454BC1-1C44-4E7B-8861-7D9807716A97}"
EndProject
Project("{9A19103F-16F7-4668-BE54-9A1E7A4F7556}") = "Post.Cmd.Api", "SM-Post\Post.Cmd\Post.Cmd.Api\Post.Cmd.Api.csproj", "{C974429A-B12D-4413-A663-70EBB41F371C}"
EndProject
Project("{9A19103F-16F7-4668-BE54-9A1E7A4F7556}") = "Post.Cmd.Domain", "SM-Post\Post.Cmd\Post.Cmd.Domain\Post.Cmd.Domain.csproj", "{5A27E550-E807-4A5D-A50D-54B32DE01A84}"
EndProject
Project("{9A19103F-16F7-4668-BE54-9A1E7A4F7556}") = "Post.Cmd.Infrastructure", "SM-Post\Post.Cmd\Post.Cmd.Infrastructure\Post.Cmd.Infrastructure.csproj", "{6BF1C613-C5C1-46D6-870C-115F87BE6C94}"
EndProject
Project("{2150E333-8FDC-42A3-9474-1A3956D46DE8}") = "Post.Query", "SM-Post\Post.Query", "{C32C752E-3E89-4AA7-A8FB-A10E1B33778E}"
EndProject
Project("{9A19103F-16F7-4668-BE54-9A1E7A4F7556}") = "Post.Query.Api", "SM-Post\Post.Query\Post.Query.Api\Post.Query.Api.csproj", "{0A12E4CE-E27A-4980-AA71-D514A63364EC}"
EndProject
Project("{9A19103F-16F7-4668-BE54-9A1E7A4F7556}") = "Post.Query.Domain", "SM-Post\Post.Query\Post.Query.Domain\Post.Query.Domain.csproj", "{49AD1E72-E141-4218-82D6-1423E1E86C89}"
EndProject
Project("{9A19103F-16F7-4668-BE54-9A1E7A4F7556}") = "Post.Query.Infrastructure", "SM-Post\Post.Query\Post.Query.Infrastructure\Post.Query.Infrastructure.csproj", "{ED8BBED6-E1BF-4B46-9EE0-B2AF903F6CD2}"
EndProject
Project("{2150E333-8FDC-42A3-9474-1A3956D46DE8}") = "Post.Common", "SM-Post\Post.Common", "{0D09C847-AD53-4700-B4B6-BA5AA56EDB05}"
EndProject
Project("{9A19103F-16F7-4668-BE54-9A1E7A4F7556}") = "Post.Common", "SM-Post\Post.Common\Post.Common.csproj", "{D560CEE3-ED80-4603-82E8-CDB1521E255F}"
EndProject
Project("{2150E333-8FDC-42A3-9474-1A3956D46DE8}") = "SM-Post", "SM-Post\SM-Post", "{AE8CAF71-0F23-4D97-8698-F96F5306C984}"
EndProject
Project("{2150E333-8FDC-42A3-9474-1A3956D46DE8}") = "CQRS-ES", "CQRS-ES\CQRS-ES", "{D2FEE6DD-0A33-41CD-AC01-9E2AD1D17874}"
EndProject
Global
	GlobalSection(SolutionConfigurationPlatforms) = preSolution
		Debug|Any CPU = Debug|Any CPU
		Release|Any CPU = Release|Any CPU
	EndGlobalSection
	GlobalSection(ProjectConfigurationPlatforms) = postSolution
		{3354AB05-32DD-4F87-9F42-1D966B51F3CF}.Debug|Any CPU.ActiveCfg = Debug|Any CPU
		{3354AB05-32DD-4F87-9F42-1D966B51F3CF}.Debug|Any CPU.Build.0 = Debug|Any CPU
		{3354AB05-32DD-4F87-9F42-1D966B51F3CF}.Release|Any CPU.ActiveCfg = Release|Any CPU
		{3354AB05-32DD-4F87-9F42-1D966B51F3CF}.Release|Any CPU.Build.0 = Release|Any CPU
		{C974429A-B12D-4413-A663-70EBB41F371C}.Debug|Any CPU.ActiveCfg = Debug|Any CPU
		{C974429A-B12D-4413-A663-70EBB41F371C}.Debug|Any CPU.Build.0 = Debug|Any CPU
		{C974429A-B12D-4413-A663-70EBB41F371C}.Release|Any CPU.ActiveCfg = Release|Any CPU
		{C974429A-B12D-4413-A663-70EBB41F371C}.Release|Any CPU.Build.0 = Release|Any CPU
		{5A27E550-E807-4A5D-A50D-54B32DE01A84}.Debug|Any CPU.ActiveCfg = Debug|Any CPU
		{5A27E550-E807-4A5D-A50D-54B32DE01A84}.Debug|Any CPU.Build.0 = Debug|Any CPU
		{5A27E550-E807-4A5D-A50D-54B32DE01A84}.Release|Any CPU.ActiveCfg = Release|Any CPU
		{5A27E550-E807-4A5D-A50D-54B32DE01A84}.Release|Any CPU.Build.0 = Release|Any CPU
		{6BF1C613-C5C1-46D6-870C-115F87BE6C94}.Debug|Any CPU.ActiveCfg = Debug|Any CPU
		{6BF1C613-C5C1-46D6-870C-115F87BE6C94}.Debug|Any CPU.Build.0 = Debug|Any CPU
		{6BF1C613-C5C1-46D6-870C-115F87BE6C94}.Release|Any CPU.ActiveCfg = Release|Any CPU
		{6BF1C613-C5C1-46D6-870C-115F87BE6C94}.Release|Any CPU.Build.0 = Release|Any CPU
		{0A12E4CE-E27A-4980-AA71-D514A63364EC}.Debug|Any CPU.ActiveCfg = Debug|Any CPU
		{0A12E4CE-E27A-4980-AA71-D514A63364EC}.Debug|Any CPU.Build.0 = Debug|Any CPU
		{0A12E4CE-E27A-4980-AA71-D514A63364EC}.Release|Any CPU.ActiveCfg = Release|Any CPU
		{0A12E4CE-E27A-4980-AA71-D514A63364EC}.Release|Any CPU.Build.0 = Release|Any CPU
		{49AD1E72-E141-4218-82D6-1423E1E86C89}.Debug|Any CPU.ActiveCfg = Debug|Any CPU
		{49AD1E72-E141-4218-82D6-1423E1E86C89}.Debug|Any CPU.Build.0 = Debug|Any CPU
		{49AD1E72-E141-4218-82D6-1423E1E86C89}.Release|Any CPU.ActiveCfg = Release|Any CPU
		{49AD1E72-E141-4218-82D6-1423E1E86C89}.Release|Any CPU.Build.0 = Release|Any CPU
		{ED8BBED6-E1BF-4B46-9EE0-B2AF903F6CD2}.Debug|Any CPU.ActiveCfg = Debug|Any CPU
		{ED8BBED6-E1BF-4B46-9EE0-B2AF903F6CD2}.Debug|Any CPU.Build.0 = Debug|Any CPU
		{ED8BBED6-E1BF-4B46-9EE0-B2AF903F6CD2}.Release|Any CPU.ActiveCfg = Release|Any CPU
		{ED8BBED6-E1BF-4B46-9EE0-B2AF903F6CD2}.Release|Any CPU.Build.0 = Release|Any CPU
		{D560CEE3-ED80-4603-82E8-CDB1521E255F}.Debug|Any CPU.ActiveCfg = Debug|Any CPU
		{D560CEE3-ED80-4603-82E8-CDB1521E255F}.Debug|Any CPU.Build.0 = Debug|Any CPU
		{D560CEE3-ED80-4603-82E8-CDB1521E255F}.Release|Any CPU.ActiveCfg = Release|Any CPU
		{D560CEE3-ED80-4603-82E8-CDB1521E255F}.Release|Any CPU.Build.0 = Release|Any CPU
	EndGlobalSection
	GlobalSection(SolutionProperties) = preSolution
		HideSolutionNode = FALSE
	EndGlobalSection
	GlobalSection(NestedProjects) = preSolution
		{3354AB05-32DD-4F87-9F42-1D966B51F3CF} = {D2FEE6DD-0A33-41CD-AC01-9E2AD1D17874}
		{51454BC1-1C44-4E7B-8861-7D9807716A97} = {AE8CAF71-0F23-4D97-8698-F96F5306C984}
		{C974429A-B12D-4413-A663-70EBB41F371C} = {51454BC1-1C44-4E7B-8861-7D9807716A97}
		{5A27E550-E807-4A5D-A50D-54B32DE01A84} = {51454BC1-1C44-4E7B-8861-7D9807716A97}
		{6BF1C613-C5C1-46D6-870C-115F87BE6C94} = {51454BC1-1C44-4E7B-8861-7D9807716A97}
		{C32C752E-3E89-4AA7-A8FB-A10E1B33778E} = {AE8CAF71-0F23-4D97-8698-F96F5306C984}
		{0A12E4CE-E27A-4980-AA71-D514A63364EC} = {C32C752E-3E89-4AA7-A8FB-A10E1B33778E}
		{49AD1E72-E141-4218-82D6-1423E1E86C89} = {C32C752E-3E89-4AA7-A8FB-A10E1B33778E}
		{ED8BBED6-E1BF-4B46-9EE0-B2AF903F6CD2} = {C32C752E-3E89-4AA7-A8FB-A10E1B33778E}
		{0D09C847-AD53-4700-B4B6-BA5AA56EDB05} = {AE8CAF71-0F23-4D97-8698-F96F5306C984}
		{D560CEE3-ED80-4603-82E8-CDB1521E255F} = {0D09C847-AD53-4700-B4B6-BA5AA56EDB05}
	EndGlobalSection
	GlobalSection(ExtensibilityGlobals) = postSolution
		SolutionGuid = {489AC30F-72F7-402A-879F-F46E5EE590FD}
	EndGlobalSection
EndGlobal
